
Microsoft Visual Studio Solution File, Format Version 12.00
# Visual Studio Version 16
VisualStudioVersion = 16.0.30804.86
MinimumVisualStudioVersion = 10.0.40219.1
Project("{9A19103F-16F7-4668-BE54-9A1E7A4F7556}") = "REbay", "REBay\REbay.csproj", "{277FAAC7-4B2D-4DD2-8576-CF1A23E0DDE9}"
EndProject
Project("{E24C65DC-7377-472B-9ABA-BC803B73C61A}") = "REBay-ui", "REBay-ui\", "{D8DAD9BE-4571-4536-9F8A-75A2A8FE37D1}"
	ProjectSection(WebsiteProperties) = preProject
		TargetFrameworkMoniker = ".NETFramework,Version%3Dv4.0"
		Debug.AspNetCompiler.VirtualPath = "/localhost_54573"
		Debug.AspNetCompiler.PhysicalPath = "REBay-ui\"
		Debug.AspNetCompiler.TargetPath = "PrecompiledWeb\localhost_54573\"
		Debug.AspNetCompiler.Updateable = "true"
		Debug.AspNetCompiler.ForceOverwrite = "true"
		Debug.AspNetCompiler.FixedNames = "false"
		Debug.AspNetCompiler.Debug = "True"
		Release.AspNetCompiler.VirtualPath = "/localhost_54573"
		Release.AspNetCompiler.PhysicalPath = "REBay-ui\"
		Release.AspNetCompiler.TargetPath = "PrecompiledWeb\localhost_54573\"
		Release.AspNetCompiler.Updateable = "true"
		Release.AspNetCompiler.ForceOverwrite = "true"
		Release.AspNetCompiler.FixedNames = "false"
		Release.AspNetCompiler.Debug = "False"
		VWDPort = "54573"
		SlnRelativePath = "REBay-ui\"
	EndProjectSection
EndProject
Global
	GlobalSection(SolutionConfigurationPlatforms) = preSolution
		Debug|Any CPU = Debug|Any CPU
		Release|Any CPU = Release|Any CPU
	EndGlobalSection
	GlobalSection(ProjectConfigurationPlatforms) = postSolution
		{277FAAC7-4B2D-4DD2-8576-CF1A23E0DDE9}.Debug|Any CPU.ActiveCfg = Debug|Any CPU
		{277FAAC7-4B2D-4DD2-8576-CF1A23E0DDE9}.Debug|Any CPU.Build.0 = Debug|Any CPU
		{277FAAC7-4B2D-4DD2-8576-CF1A23E0DDE9}.Release|Any CPU.ActiveCfg = Release|Any CPU
		{277FAAC7-4B2D-4DD2-8576-CF1A23E0DDE9}.Release|Any CPU.Build.0 = Release|Any CPU
		{D8DAD9BE-4571-4536-9F8A-75A2A8FE37D1}.Debug|Any CPU.ActiveCfg = Debug|Any CPU
		{D8DAD9BE-4571-4536-9F8A-75A2A8FE37D1}.Debug|Any CPU.Build.0 = Debug|Any CPU
		{D8DAD9BE-4571-4536-9F8A-75A2A8FE37D1}.Release|Any CPU.ActiveCfg = Debug|Any CPU
		{D8DAD9BE-4571-4536-9F8A-75A2A8FE37D1}.Release|Any CPU.Build.0 = Debug|Any CPU
	EndGlobalSection
	GlobalSection(SolutionProperties) = preSolution
		HideSolutionNode = FALSE
	EndGlobalSection
	GlobalSection(ExtensibilityGlobals) = postSolution
		SolutionGuid = {6CF8BB5E-864D-48E1-951D-7BA3701DD92E}
	EndGlobalSection
EndGlobal
